// !$*UTF8*$!
{
	archiveVersion = 1;
	classes = {
	};
	objectVersion = 46;
	objects = {

/* Begin PBXBuildFile section */
		C25CDB39B03F211FD7FEF5B2 /* libPods-GSLVideoCallApp.a in Frameworks */ = {isa = PBXBuildFile; fileRef = F802973D5D7E7CDB0FF9D93C /* libPods-GSLVideoCallApp.a */; };
		E20803F21C9152B800D67666 /* UserModel.m in Sources */ = {isa = PBXBuildFile; fileRef = E20803F11C9152B800D67666 /* UserModel.m */; };
		E20803F61C91819000D67666 /* AccountSetupVC.m in Sources */ = {isa = PBXBuildFile; fileRef = E20803F51C91819000D67666 /* AccountSetupVC.m */; };
		E20803FB1C92B9DE00D67666 /* AddMemberVC.m in Sources */ = {isa = PBXBuildFile; fileRef = E20803FA1C92B9DE00D67666 /* AddMemberVC.m */; };
		E20803FF1C92C2A900D67666 /* ProfileVC.m in Sources */ = {isa = PBXBuildFile; fileRef = E20803FE1C92C2A900D67666 /* ProfileVC.m */; };
		E219BB7E1C980A5B00DFFD32 /* AddAdminVC.m in Sources */ = {isa = PBXBuildFile; fileRef = E219BB7D1C980A5B00DFFD32 /* AddAdminVC.m */; };
		E219BB811C98122500DFFD32 /* VerifyAdminOTPVC.m in Sources */ = {isa = PBXBuildFile; fileRef = E219BB801C98122500DFFD32 /* VerifyAdminOTPVC.m */; };
		E219BB841C9817D600DFFD32 /* ConfigureGroupVC.m in Sources */ = {isa = PBXBuildFile; fileRef = E219BB831C9817D600DFFD32 /* ConfigureGroupVC.m */; };
		E28538E01C8EE44A001CF34A /* MainStoryboard.storyboard in Resources */ = {isa = PBXBuildFile; fileRef = E28538DE1C8EE44A001CF34A /* MainStoryboard.storyboard */; };
		E28538EE1C8EE61A001CF34A /* AppDelegate.m in Sources */ = {isa = PBXBuildFile; fileRef = E28538E21C8EE61A001CF34A /* AppDelegate.m */; };
		E28538FC1C8EE780001CF34A /* SWRevealViewController.m in Sources */ = {isa = PBXBuildFile; fileRef = E28538FB1C8EE780001CF34A /* SWRevealViewController.m */; };
		E28539011C8EE84C001CF34A /* SidebarViewController.m in Sources */ = {isa = PBXBuildFile; fileRef = E28539001C8EE84C001CF34A /* SidebarViewController.m */; };
		E28539081C8EE9D6001CF34A /* MainViewController.m in Sources */ = {isa = PBXBuildFile; fileRef = E28539071C8EE9D6001CF34A /* MainViewController.m */; };
		E28539101C8EFCD2001CF34A /* Utility.m in Sources */ = {isa = PBXBuildFile; fileRef = E285390F1C8EFCD2001CF34A /* Utility.m */; };
		E28539151C8F056D001CF34A /* LeftMenuTableCell.m in Sources */ = {isa = PBXBuildFile; fileRef = E28539141C8F056D001CF34A /* LeftMenuTableCell.m */; };
		E28539191C8FEE62001CF34A /* LocalSessionManager.m in Sources */ = {isa = PBXBuildFile; fileRef = E28539181C8FEE62001CF34A /* LocalSessionManager.m */; };
		E285391D1C8FF0C6001CF34A /* LoginVC.m in Sources */ = {isa = PBXBuildFile; fileRef = E285391C1C8FF0C6001CF34A /* LoginVC.m */; };
		E28539221C8FF410001CF34A /* LaunchHomeVC.m in Sources */ = {isa = PBXBuildFile; fileRef = E28539211C8FF410001CF34A /* LaunchHomeVC.m */; };
		E28539271C903387001CF34A /* GroupInfoModel.m in Sources */ = {isa = PBXBuildFile; fileRef = E28539261C903387001CF34A /* GroupInfoModel.m */; };
		E285392B1C903433001CF34A /* ProfileInfoModel.m in Sources */ = {isa = PBXBuildFile; fileRef = E285392A1C903433001CF34A /* ProfileInfoModel.m */; };
		E285392F1C9034E0001CF34A /* BaseUserSessionInfo.m in Sources */ = {isa = PBXBuildFile; fileRef = E285392E1C9034E0001CF34A /* BaseUserSessionInfo.m */; };
		E28539331C904F53001CF34A /* AFNetworkingAPIManager.m in Sources */ = {isa = PBXBuildFile; fileRef = E28539321C904F53001CF34A /* AFNetworkingAPIManager.m */; };
		E2A8492B1C987109005AC0D1 /* FormButton.m in Sources */ = {isa = PBXBuildFile; fileRef = E2A8492A1C987109005AC0D1 /* FormButton.m */; };
		E2A8492F1C987B30005AC0D1 /* FormTextField.m in Sources */ = {isa = PBXBuildFile; fileRef = E2A8492E1C987B30005AC0D1 /* FormTextField.m */; };
		E2D822111C8EAEDF002B58BE /* main.m in Sources */ = {isa = PBXBuildFile; fileRef = E2D822101C8EAEDF002B58BE /* main.m */; };
		E2D8221C1C8EAEDF002B58BE /* Images.xcassets in Resources */ = {isa = PBXBuildFile; fileRef = E2D8221B1C8EAEDF002B58BE /* Images.xcassets */; };
		E2D8221F1C8EAEDF002B58BE /* LaunchScreen.xib in Resources */ = {isa = PBXBuildFile; fileRef = E2D8221D1C8EAEDF002B58BE /* LaunchScreen.xib */; };
/* End PBXBuildFile section */

/* Begin PBXFileReference section */
		7A919FF88EADDF5E04705764 /* Pods-GSLVideoCallApp.debug.xcconfig */ = {isa = PBXFileReference; includeInIndex = 1; lastKnownFileType = text.xcconfig; name = "Pods-GSLVideoCallApp.debug.xcconfig"; path = "Pods/Target Support Files/Pods-GSLVideoCallApp/Pods-GSLVideoCallApp.debug.xcconfig"; sourceTree = "<group>"; };
		DC31424528FDF02033784918 /* Pods-GSLVideoCallApp.release.xcconfig */ = {isa = PBXFileReference; includeInIndex = 1; lastKnownFileType = text.xcconfig; name = "Pods-GSLVideoCallApp.release.xcconfig"; path = "Pods/Target Support Files/Pods-GSLVideoCallApp/Pods-GSLVideoCallApp.release.xcconfig"; sourceTree = "<group>"; };
		E20803F01C9152B800D67666 /* UserModel.h */ = {isa = PBXFileReference; fileEncoding = 4; lastKnownFileType = sourcecode.c.h; path = UserModel.h; sourceTree = "<group>"; };
		E20803F11C9152B800D67666 /* UserModel.m */ = {isa = PBXFileReference; fileEncoding = 4; lastKnownFileType = sourcecode.c.objc; path = UserModel.m; sourceTree = "<group>"; };
		E20803F41C91819000D67666 /* AccountSetupVC.h */ = {isa = PBXFileReference; fileEncoding = 4; lastKnownFileType = sourcecode.c.h; path = AccountSetupVC.h; sourceTree = "<group>"; };
		E20803F51C91819000D67666 /* AccountSetupVC.m */ = {isa = PBXFileReference; fileEncoding = 4; lastKnownFileType = sourcecode.c.objc; path = AccountSetupVC.m; sourceTree = "<group>"; };
		E20803F91C92B9DE00D67666 /* AddMemberVC.h */ = {isa = PBXFileReference; fileEncoding = 4; lastKnownFileType = sourcecode.c.h; path = AddMemberVC.h; sourceTree = "<group>"; };
		E20803FA1C92B9DE00D67666 /* AddMemberVC.m */ = {isa = PBXFileReference; fileEncoding = 4; lastKnownFileType = sourcecode.c.objc; path = AddMemberVC.m; sourceTree = "<group>"; };
		E20803FD1C92C2A900D67666 /* ProfileVC.h */ = {isa = PBXFileReference; fileEncoding = 4; lastKnownFileType = sourcecode.c.h; path = ProfileVC.h; sourceTree = "<group>"; };
		E20803FE1C92C2A900D67666 /* ProfileVC.m */ = {isa = PBXFileReference; fileEncoding = 4; lastKnownFileType = sourcecode.c.objc; path = ProfileVC.m; sourceTree = "<group>"; };
		E219BB7C1C980A5B00DFFD32 /* AddAdminVC.h */ = {isa = PBXFileReference; fileEncoding = 4; lastKnownFileType = sourcecode.c.h; path = AddAdminVC.h; sourceTree = "<group>"; };
		E219BB7D1C980A5B00DFFD32 /* AddAdminVC.m */ = {isa = PBXFileReference; fileEncoding = 4; lastKnownFileType = sourcecode.c.objc; path = AddAdminVC.m; sourceTree = "<group>"; };
		E219BB7F1C98122500DFFD32 /* VerifyAdminOTPVC.h */ = {isa = PBXFileReference; fileEncoding = 4; lastKnownFileType = sourcecode.c.h; path = VerifyAdminOTPVC.h; sourceTree = "<group>"; };
		E219BB801C98122500DFFD32 /* VerifyAdminOTPVC.m */ = {isa = PBXFileReference; fileEncoding = 4; lastKnownFileType = sourcecode.c.objc; path = VerifyAdminOTPVC.m; sourceTree = "<group>"; };
		E219BB821C9817D600DFFD32 /* ConfigureGroupVC.h */ = {isa = PBXFileReference; fileEncoding = 4; lastKnownFileType = sourcecode.c.h; path = ConfigureGroupVC.h; sourceTree = "<group>"; };
		E219BB831C9817D600DFFD32 /* ConfigureGroupVC.m */ = {isa = PBXFileReference; fileEncoding = 4; lastKnownFileType = sourcecode.c.objc; path = ConfigureGroupVC.m; sourceTree = "<group>"; };
		E28538DF1C8EE44A001CF34A /* Base */ = {isa = PBXFileReference; lastKnownFileType = file.storyboard; name = Base; path = Base.lproj/MainStoryboard.storyboard; sourceTree = "<group>"; };
		E28538E11C8EE61A001CF34A /* AppDelegate.h */ = {isa = PBXFileReference; fileEncoding = 4; lastKnownFileType = sourcecode.c.h; path = AppDelegate.h; sourceTree = "<group>"; };
		E28538E21C8EE61A001CF34A /* AppDelegate.m */ = {isa = PBXFileReference; fileEncoding = 4; lastKnownFileType = sourcecode.c.objc; path = AppDelegate.m; sourceTree = "<group>"; };
		E28538FA1C8EE780001CF34A /* SWRevealViewController.h */ = {isa = PBXFileReference; fileEncoding = 4; lastKnownFileType = sourcecode.c.h; path = SWRevealViewController.h; sourceTree = "<group>"; };
		E28538FB1C8EE780001CF34A /* SWRevealViewController.m */ = {isa = PBXFileReference; fileEncoding = 4; lastKnownFileType = sourcecode.c.objc; path = SWRevealViewController.m; sourceTree = "<group>"; };
		E28538FF1C8EE84C001CF34A /* SidebarViewController.h */ = {isa = PBXFileReference; fileEncoding = 4; lastKnownFileType = sourcecode.c.h; path = SidebarViewController.h; sourceTree = "<group>"; };
		E28539001C8EE84C001CF34A /* SidebarViewController.m */ = {isa = PBXFileReference; fileEncoding = 4; lastKnownFileType = sourcecode.c.objc; path = SidebarViewController.m; sourceTree = "<group>"; };
		E28539061C8EE9D6001CF34A /* MainViewController.h */ = {isa = PBXFileReference; fileEncoding = 4; lastKnownFileType = sourcecode.c.h; path = MainViewController.h; sourceTree = "<group>"; };
		E28539071C8EE9D6001CF34A /* MainViewController.m */ = {isa = PBXFileReference; fileEncoding = 4; lastKnownFileType = sourcecode.c.objc; path = MainViewController.m; sourceTree = "<group>"; };
		E285390B1C8EFC45001CF34A /* AlertMessages.h */ = {isa = PBXFileReference; lastKnownFileType = sourcecode.c.h; path = AlertMessages.h; sourceTree = "<group>"; };
		E285390C1C8EFC45001CF34A /* Constant.h */ = {isa = PBXFileReference; lastKnownFileType = sourcecode.c.h; path = Constant.h; sourceTree = "<group>"; };
		E285390E1C8EFCD2001CF34A /* Utility.h */ = {isa = PBXFileReference; fileEncoding = 4; lastKnownFileType = sourcecode.c.h; path = Utility.h; sourceTree = "<group>"; };
		E285390F1C8EFCD2001CF34A /* Utility.m */ = {isa = PBXFileReference; fileEncoding = 4; lastKnownFileType = sourcecode.c.objc; path = Utility.m; sourceTree = "<group>"; };
		E28539121C8F0055001CF34A /* PrefixHeader.pch */ = {isa = PBXFileReference; fileEncoding = 4; lastKnownFileType = sourcecode.c.h; path = PrefixHeader.pch; sourceTree = "<group>"; };
		E28539131C8F056D001CF34A /* LeftMenuTableCell.h */ = {isa = PBXFileReference; fileEncoding = 4; lastKnownFileType = sourcecode.c.h; path = LeftMenuTableCell.h; sourceTree = "<group>"; };
		E28539141C8F056D001CF34A /* LeftMenuTableCell.m */ = {isa = PBXFileReference; fileEncoding = 4; lastKnownFileType = sourcecode.c.objc; path = LeftMenuTableCell.m; sourceTree = "<group>"; };
		E28539171C8FEE62001CF34A /* LocalSessionManager.h */ = {isa = PBXFileReference; fileEncoding = 4; lastKnownFileType = sourcecode.c.h; path = LocalSessionManager.h; sourceTree = "<group>"; };
		E28539181C8FEE62001CF34A /* LocalSessionManager.m */ = {isa = PBXFileReference; fileEncoding = 4; lastKnownFileType = sourcecode.c.objc; path = LocalSessionManager.m; sourceTree = "<group>"; };
		E285391B1C8FF0C6001CF34A /* LoginVC.h */ = {isa = PBXFileReference; fileEncoding = 4; lastKnownFileType = sourcecode.c.h; path = LoginVC.h; sourceTree = "<group>"; };
		E285391C1C8FF0C6001CF34A /* LoginVC.m */ = {isa = PBXFileReference; fileEncoding = 4; lastKnownFileType = sourcecode.c.objc; path = LoginVC.m; sourceTree = "<group>"; };
		E28539201C8FF410001CF34A /* LaunchHomeVC.h */ = {isa = PBXFileReference; fileEncoding = 4; lastKnownFileType = sourcecode.c.h; path = LaunchHomeVC.h; sourceTree = "<group>"; };
		E28539211C8FF410001CF34A /* LaunchHomeVC.m */ = {isa = PBXFileReference; fileEncoding = 4; lastKnownFileType = sourcecode.c.objc; path = LaunchHomeVC.m; sourceTree = "<group>"; };
		E28539251C903387001CF34A /* GroupInfoModel.h */ = {isa = PBXFileReference; fileEncoding = 4; lastKnownFileType = sourcecode.c.h; path = GroupInfoModel.h; sourceTree = "<group>"; };
		E28539261C903387001CF34A /* GroupInfoModel.m */ = {isa = PBXFileReference; fileEncoding = 4; lastKnownFileType = sourcecode.c.objc; path = GroupInfoModel.m; sourceTree = "<group>"; };
		E28539291C903433001CF34A /* ProfileInfoModel.h */ = {isa = PBXFileReference; fileEncoding = 4; lastKnownFileType = sourcecode.c.h; path = ProfileInfoModel.h; sourceTree = "<group>"; };
		E285392A1C903433001CF34A /* ProfileInfoModel.m */ = {isa = PBXFileReference; fileEncoding = 4; lastKnownFileType = sourcecode.c.objc; path = ProfileInfoModel.m; sourceTree = "<group>"; };
		E285392D1C9034E0001CF34A /* BaseUserSessionInfo.h */ = {isa = PBXFileReference; fileEncoding = 4; lastKnownFileType = sourcecode.c.h; path = BaseUserSessionInfo.h; sourceTree = "<group>"; };
		E285392E1C9034E0001CF34A /* BaseUserSessionInfo.m */ = {isa = PBXFileReference; fileEncoding = 4; lastKnownFileType = sourcecode.c.objc; path = BaseUserSessionInfo.m; sourceTree = "<group>"; };
		E28539311C904F53001CF34A /* AFNetworkingAPIManager.h */ = {isa = PBXFileReference; fileEncoding = 4; lastKnownFileType = sourcecode.c.h; path = AFNetworkingAPIManager.h; sourceTree = "<group>"; };
		E28539321C904F53001CF34A /* AFNetworkingAPIManager.m */ = {isa = PBXFileReference; fileEncoding = 4; lastKnownFileType = sourcecode.c.objc; path = AFNetworkingAPIManager.m; sourceTree = "<group>"; };
		E2A849291C987109005AC0D1 /* FormButton.h */ = {isa = PBXFileReference; fileEncoding = 4; lastKnownFileType = sourcecode.c.h; path = FormButton.h; sourceTree = "<group>"; };
		E2A8492A1C987109005AC0D1 /* FormButton.m */ = {isa = PBXFileReference; fileEncoding = 4; lastKnownFileType = sourcecode.c.objc; path = FormButton.m; sourceTree = "<group>"; };
		E2A8492D1C987B30005AC0D1 /* FormTextField.h */ = {isa = PBXFileReference; fileEncoding = 4; lastKnownFileType = sourcecode.c.h; path = FormTextField.h; sourceTree = "<group>"; };
		E2A8492E1C987B30005AC0D1 /* FormTextField.m */ = {isa = PBXFileReference; fileEncoding = 4; lastKnownFileType = sourcecode.c.objc; path = FormTextField.m; sourceTree = "<group>"; };
		E2D8220B1C8EAEDF002B58BE /* GSLVideoCallApp.app */ = {isa = PBXFileReference; explicitFileType = wrapper.application; includeInIndex = 0; path = GSLVideoCallApp.app; sourceTree = BUILT_PRODUCTS_DIR; };
		E2D8220F1C8EAEDF002B58BE /* Info.plist */ = {isa = PBXFileReference; lastKnownFileType = text.plist.xml; path = Info.plist; sourceTree = "<group>"; };
		E2D822101C8EAEDF002B58BE /* main.m */ = {isa = PBXFileReference; lastKnownFileType = sourcecode.c.objc; path = main.m; sourceTree = "<group>"; };
		E2D8221B1C8EAEDF002B58BE /* Images.xcassets */ = {isa = PBXFileReference; lastKnownFileType = folder.assetcatalog; path = Images.xcassets; sourceTree = "<group>"; };
		E2D8221E1C8EAEDF002B58BE /* Base */ = {isa = PBXFileReference; lastKnownFileType = file.xib; name = Base; path = Base.lproj/LaunchScreen.xib; sourceTree = "<group>"; };
		E2D822291C8EAEDF002B58BE /* Info.plist */ = {isa = PBXFileReference; lastKnownFileType = text.plist.xml; path = Info.plist; sourceTree = "<group>"; };
		E2D8222A1C8EAEDF002B58BE /* GSLVideoCallAppTests.m */ = {isa = PBXFileReference; lastKnownFileType = sourcecode.c.objc; path = GSLVideoCallAppTests.m; sourceTree = "<group>"; };
		F802973D5D7E7CDB0FF9D93C /* libPods-GSLVideoCallApp.a */ = {isa = PBXFileReference; explicitFileType = archive.ar; includeInIndex = 0; path = "libPods-GSLVideoCallApp.a"; sourceTree = BUILT_PRODUCTS_DIR; };
/* End PBXFileReference section */

/* Begin PBXFrameworksBuildPhase section */
		E2D822081C8EAEDF002B58BE /* Frameworks */ = {
			isa = PBXFrameworksBuildPhase;
			buildActionMask = 2147483647;
			files = (
				C25CDB39B03F211FD7FEF5B2 /* libPods-GSLVideoCallApp.a in Frameworks */,
			);
			runOnlyForDeploymentPostprocessing = 0;
		};
/* End PBXFrameworksBuildPhase section */

/* Begin PBXGroup section */
		2FA2D93C03189C81A68DA09E /* Pods */ = {
			isa = PBXGroup;
			children = (
				7A919FF88EADDF5E04705764 /* Pods-GSLVideoCallApp.debug.xcconfig */,
				DC31424528FDF02033784918 /* Pods-GSLVideoCallApp.release.xcconfig */,
			);
			name = Pods;
			sourceTree = "<group>";
		};
		4CC1078C8AE5C54D80A7F304 /* Frameworks */ = {
			isa = PBXGroup;
			children = (
				F802973D5D7E7CDB0FF9D93C /* libPods-GSLVideoCallApp.a */,
			);
			name = Frameworks;
			sourceTree = "<group>";
		};
		E20803EF1C9152A300D67666 /* User */ = {
			isa = PBXGroup;
			children = (
				E20803F01C9152B800D67666 /* UserModel.h */,
				E20803F11C9152B800D67666 /* UserModel.m */,
			);
			path = User;
			sourceTree = "<group>";
		};
		E20803F31C91817900D67666 /* Account Setup */ = {
			isa = PBXGroup;
			children = (
				E20803F41C91819000D67666 /* AccountSetupVC.h */,
				E20803F51C91819000D67666 /* AccountSetupVC.m */,
			);
			path = "Account Setup";
			sourceTree = "<group>";
		};
		E20803F81C92B9C900D67666 /* AddMemberVC */ = {
			isa = PBXGroup;
			children = (
				E20803F91C92B9DE00D67666 /* AddMemberVC.h */,
				E20803FA1C92B9DE00D67666 /* AddMemberVC.m */,
			);
			path = AddMemberVC;
			sourceTree = "<group>";
		};
		E20803FC1C92C29900D67666 /* ProfileVC */ = {
			isa = PBXGroup;
			children = (
				E20803FD1C92C2A900D67666 /* ProfileVC.h */,
				E20803FE1C92C2A900D67666 /* ProfileVC.m */,
			);
			path = ProfileVC;
			sourceTree = "<group>";
		};
		E219BB7B1C980A4000DFFD32 /* AddAdminVC */ = {
			isa = PBXGroup;
			children = (
				E219BB7C1C980A5B00DFFD32 /* AddAdminVC.h */,
				E219BB7D1C980A5B00DFFD32 /* AddAdminVC.m */,
				E219BB7F1C98122500DFFD32 /* VerifyAdminOTPVC.h */,
				E219BB801C98122500DFFD32 /* VerifyAdminOTPVC.m */,
				E219BB821C9817D600DFFD32 /* ConfigureGroupVC.h */,
				E219BB831C9817D600DFFD32 /* ConfigureGroupVC.m */,
			);
			path = AddAdminVC;
			sourceTree = "<group>";
		};
		E28538F41C8EE717001CF34A /* ViewControllers */ = {
			isa = PBXGroup;
			children = (
				E219BB7B1C980A4000DFFD32 /* AddAdminVC */,
				E20803FC1C92C29900D67666 /* ProfileVC */,
				E20803F81C92B9C900D67666 /* AddMemberVC */,
				E20803F31C91817900D67666 /* Account Setup */,
				E285391A1C8FF0AF001CF34A /* LoginVC */,
				E28539021C8EE905001CF34A /* HomeVC */,
				E285391F1C8FF3FB001CF34A /* LaunchHomeVC */,
			);
			path = ViewControllers;
			sourceTree = "<group>";
		};
		E28538F81C8EE765001CF34A /* Navigation */ = {
			isa = PBXGroup;
			children = (
				E28538FE1C8EE827001CF34A /* SideMenuVC */,
				E28538F91C8EE780001CF34A /* SWRevealViewController */,
			);
			path = Navigation;
			sourceTree = "<group>";
		};
		E28538F91C8EE780001CF34A /* SWRevealViewController */ = {
			isa = PBXGroup;
			children = (
				E28538FA1C8EE780001CF34A /* SWRevealViewController.h */,
				E28538FB1C8EE780001CF34A /* SWRevealViewController.m */,
			);
			path = SWRevealViewController;
			sourceTree = "<group>";
		};
		E28538FE1C8EE827001CF34A /* SideMenuVC */ = {
			isa = PBXGroup;
			children = (
				E28538FF1C8EE84C001CF34A /* SidebarViewController.h */,
				E28539001C8EE84C001CF34A /* SidebarViewController.m */,
				E28539131C8F056D001CF34A /* LeftMenuTableCell.h */,
				E28539141C8F056D001CF34A /* LeftMenuTableCell.m */,
			);
			path = SideMenuVC;
			sourceTree = "<group>";
		};
		E28539021C8EE905001CF34A /* HomeVC */ = {
			isa = PBXGroup;
			children = (
				E28539061C8EE9D6001CF34A /* MainViewController.h */,
				E28539071C8EE9D6001CF34A /* MainViewController.m */,
			);
			path = HomeVC;
			sourceTree = "<group>";
		};
		E28539091C8EF152001CF34A /* Common */ = {
			isa = PBXGroup;
			children = (
				E2A849271C9870CA005AC0D1 /* CommonUIElements */,
				E28539301C904F2C001CF34A /* AFNetworkingAPIManager */,
				E28539161C8FEE0B001CF34A /* LocalSessionManager */,
				E285390D1C8EFCC1001CF34A /* Utility */,
				E285390A1C8EFC36001CF34A /* Constants */,
			);
			path = Common;
			sourceTree = "<group>";
		};
		E285390A1C8EFC36001CF34A /* Constants */ = {
			isa = PBXGroup;
			children = (
				E285390B1C8EFC45001CF34A /* AlertMessages.h */,
				E285390C1C8EFC45001CF34A /* Constant.h */,
			);
			path = Constants;
			sourceTree = "<group>";
		};
		E285390D1C8EFCC1001CF34A /* Utility */ = {
			isa = PBXGroup;
			children = (
				E285390E1C8EFCD2001CF34A /* Utility.h */,
				E285390F1C8EFCD2001CF34A /* Utility.m */,
			);
			path = Utility;
			sourceTree = "<group>";
		};
		E28539161C8FEE0B001CF34A /* LocalSessionManager */ = {
			isa = PBXGroup;
			children = (
				E28539171C8FEE62001CF34A /* LocalSessionManager.h */,
				E28539181C8FEE62001CF34A /* LocalSessionManager.m */,
			);
			path = LocalSessionManager;
			sourceTree = "<group>";
		};
		E285391A1C8FF0AF001CF34A /* LoginVC */ = {
			isa = PBXGroup;
			children = (
				E285391B1C8FF0C6001CF34A /* LoginVC.h */,
				E285391C1C8FF0C6001CF34A /* LoginVC.m */,
			);
			path = LoginVC;
			sourceTree = "<group>";
		};
		E285391F1C8FF3FB001CF34A /* LaunchHomeVC */ = {
			isa = PBXGroup;
			children = (
				E28539201C8FF410001CF34A /* LaunchHomeVC.h */,
				E28539211C8FF410001CF34A /* LaunchHomeVC.m */,
			);
			path = LaunchHomeVC;
			sourceTree = "<group>";
		};
		E28539231C9030CD001CF34A /* Model */ = {
			isa = PBXGroup;
			children = (
				E285392C1C9034BD001CF34A /* BaseUser */,
				E20803EF1C9152A300D67666 /* User */,
				E28539281C90341E001CF34A /* UserInfo */,
				E28539241C903361001CF34A /* GroupConfigurationModel */,
			);
			path = Model;
			sourceTree = "<group>";
		};
		E28539241C903361001CF34A /* GroupConfigurationModel */ = {
			isa = PBXGroup;
			children = (
				E28539251C903387001CF34A /* GroupInfoModel.h */,
				E28539261C903387001CF34A /* GroupInfoModel.m */,
			);
			path = GroupConfigurationModel;
			sourceTree = "<group>";
		};
		E28539281C90341E001CF34A /* UserInfo */ = {
			isa = PBXGroup;
			children = (
				E28539291C903433001CF34A /* ProfileInfoModel.h */,
				E285392A1C903433001CF34A /* ProfileInfoModel.m */,
			);
			path = UserInfo;
			sourceTree = "<group>";
		};
		E285392C1C9034BD001CF34A /* BaseUser */ = {
			isa = PBXGroup;
			children = (
				E285392D1C9034E0001CF34A /* BaseUserSessionInfo.h */,
				E285392E1C9034E0001CF34A /* BaseUserSessionInfo.m */,
			);
			path = BaseUser;
			sourceTree = "<group>";
		};
		E28539301C904F2C001CF34A /* AFNetworkingAPIManager */ = {
			isa = PBXGroup;
			children = (
				E28539311C904F53001CF34A /* AFNetworkingAPIManager.h */,
				E28539321C904F53001CF34A /* AFNetworkingAPIManager.m */,
			);
			path = AFNetworkingAPIManager;
			sourceTree = "<group>";
		};
		E2A849271C9870CA005AC0D1 /* CommonUIElements */ = {
			isa = PBXGroup;
			children = (
				E2A8492C1C987B1B005AC0D1 /* FormTextField */,
				E2A849281C9870F1005AC0D1 /* FormButton */,
			);
			path = CommonUIElements;
			sourceTree = "<group>";
		};
		E2A849281C9870F1005AC0D1 /* FormButton */ = {
			isa = PBXGroup;
			children = (
				E2A849291C987109005AC0D1 /* FormButton.h */,
				E2A8492A1C987109005AC0D1 /* FormButton.m */,
			);
			path = FormButton;
			sourceTree = "<group>";
		};
		E2A8492C1C987B1B005AC0D1 /* FormTextField */ = {
			isa = PBXGroup;
			children = (
				E2A8492D1C987B30005AC0D1 /* FormTextField.h */,
				E2A8492E1C987B30005AC0D1 /* FormTextField.m */,
			);
			path = FormTextField;
			sourceTree = "<group>";
		};
		E2D822021C8EAEDF002B58BE = {
			isa = PBXGroup;
			children = (
				E2D8220D1C8EAEDF002B58BE /* GSLVideoCallApp */,
				E2D822271C8EAEDF002B58BE /* GSLVideoCallAppTests */,
				E2D8220C1C8EAEDF002B58BE /* Products */,
				2FA2D93C03189C81A68DA09E /* Pods */,
				4CC1078C8AE5C54D80A7F304 /* Frameworks */,
			);
			sourceTree = "<group>";
		};
		E2D8220C1C8EAEDF002B58BE /* Products */ = {
			isa = PBXGroup;
			children = (
				E2D8220B1C8EAEDF002B58BE /* GSLVideoCallApp.app */,
			);
			name = Products;
			sourceTree = "<group>";
		};
		E2D8220D1C8EAEDF002B58BE /* GSLVideoCallApp */ = {
			isa = PBXGroup;
			children = (
				E28539231C9030CD001CF34A /* Model */,
				E28539091C8EF152001CF34A /* Common */,
				E28538F81C8EE765001CF34A /* Navigation */,
				E28538F41C8EE717001CF34A /* ViewControllers */,
				E28538DE1C8EE44A001CF34A /* MainStoryboard.storyboard */,
				E28538E11C8EE61A001CF34A /* AppDelegate.h */,
				E28538E21C8EE61A001CF34A /* AppDelegate.m */,
				E2D8221B1C8EAEDF002B58BE /* Images.xcassets */,
				E2D8221D1C8EAEDF002B58BE /* LaunchScreen.xib */,
				E2D8220E1C8EAEDF002B58BE /* Supporting Files */,
			);
			path = GSLVideoCallApp;
			sourceTree = "<group>";
		};
		E2D8220E1C8EAEDF002B58BE /* Supporting Files */ = {
			isa = PBXGroup;
			children = (
				E2D8220F1C8EAEDF002B58BE /* Info.plist */,
				E2D822101C8EAEDF002B58BE /* main.m */,
				E28539121C8F0055001CF34A /* PrefixHeader.pch */,
			);
			name = "Supporting Files";
			sourceTree = "<group>";
		};
		E2D822271C8EAEDF002B58BE /* GSLVideoCallAppTests */ = {
			isa = PBXGroup;
			children = (
				E2D8222A1C8EAEDF002B58BE /* GSLVideoCallAppTests.m */,
				E2D822281C8EAEDF002B58BE /* Supporting Files */,
			);
			path = GSLVideoCallAppTests;
			sourceTree = "<group>";
		};
		E2D822281C8EAEDF002B58BE /* Supporting Files */ = {
			isa = PBXGroup;
			children = (
				E2D822291C8EAEDF002B58BE /* Info.plist */,
			);
			name = "Supporting Files";
			sourceTree = "<group>";
		};
/* End PBXGroup section */

/* Begin PBXNativeTarget section */
		E2D8220A1C8EAEDF002B58BE /* GSLVideoCallApp */ = {
			isa = PBXNativeTarget;
			buildConfigurationList = E2D8222E1C8EAEDF002B58BE /* Build configuration list for PBXNativeTarget "GSLVideoCallApp" */;
			buildPhases = (
				0E238CC240C6EE7E7FF97F06 /* Check Pods Manifest.lock */,
				E2D822071C8EAEDF002B58BE /* Sources */,
				E2D822081C8EAEDF002B58BE /* Frameworks */,
				E2D822091C8EAEDF002B58BE /* Resources */,
				60A0ACA9A4DCAA7A55288358 /* Embed Pods Frameworks */,
				FBE35CB013C4F20A4CC6B7CA /* Copy Pods Resources */,
			);
			buildRules = (
			);
			dependencies = (
			);
			name = GSLVideoCallApp;
			productName = GSLVideoCallApp;
			productReference = E2D8220B1C8EAEDF002B58BE /* GSLVideoCallApp.app */;
			productType = "com.apple.product-type.application";
		};
/* End PBXNativeTarget section */

/* Begin PBXProject section */
		E2D822031C8EAEDF002B58BE /* Project object */ = {
			isa = PBXProject;
			attributes = {
				LastUpgradeCheck = 0640;
				ORGANIZATIONNAME = GSLabs;
				TargetAttributes = {
					E2D8220A1C8EAEDF002B58BE = {
						CreatedOnToolsVersion = 6.4;
					};
				};
			};
			buildConfigurationList = E2D822061C8EAEDF002B58BE /* Build configuration list for PBXProject "GSLVideoCallApp" */;
			compatibilityVersion = "Xcode 3.2";
			developmentRegion = English;
			hasScannedForEncodings = 0;
			knownRegions = (
				en,
				Base,
			);
			mainGroup = E2D822021C8EAEDF002B58BE;
			productRefGroup = E2D8220C1C8EAEDF002B58BE /* Products */;
			projectDirPath = "";
			projectRoot = "";
			targets = (
				E2D8220A1C8EAEDF002B58BE /* GSLVideoCallApp */,
			);
		};
/* End PBXProject section */

/* Begin PBXResourcesBuildPhase section */
		E2D822091C8EAEDF002B58BE /* Resources */ = {
			isa = PBXResourcesBuildPhase;
			buildActionMask = 2147483647;
			files = (
				E2D8221F1C8EAEDF002B58BE /* LaunchScreen.xib in Resources */,
				E28538E01C8EE44A001CF34A /* MainStoryboard.storyboard in Resources */,
				E2D8221C1C8EAEDF002B58BE /* Images.xcassets in Resources */,
			);
			runOnlyForDeploymentPostprocessing = 0;
		};
/* End PBXResourcesBuildPhase section */

/* Begin PBXShellScriptBuildPhase section */
		0E238CC240C6EE7E7FF97F06 /* Check Pods Manifest.lock */ = {
			isa = PBXShellScriptBuildPhase;
			buildActionMask = 2147483647;
			files = (
			);
			inputPaths = (
			);
			name = "Check Pods Manifest.lock";
			outputPaths = (
			);
			runOnlyForDeploymentPostprocessing = 0;
			shellPath = /bin/sh;
			shellScript = "diff \"${PODS_ROOT}/../Podfile.lock\" \"${PODS_ROOT}/Manifest.lock\" > /dev/null\nif [[ $? != 0 ]] ; then\n    cat << EOM\nerror: The sandbox is not in sync with the Podfile.lock. Run 'pod install' or update your CocoaPods installation.\nEOM\n    exit 1\nfi\n";
			showEnvVarsInLog = 0;
		};
		60A0ACA9A4DCAA7A55288358 /* Embed Pods Frameworks */ = {
			isa = PBXShellScriptBuildPhase;
			buildActionMask = 2147483647;
			files = (
			);
			inputPaths = (
			);
			name = "Embed Pods Frameworks";
			outputPaths = (
			);
			runOnlyForDeploymentPostprocessing = 0;
			shellPath = /bin/sh;
			shellScript = "\"${SRCROOT}/Pods/Target Support Files/Pods-GSLVideoCallApp/Pods-GSLVideoCallApp-frameworks.sh\"\n";
			showEnvVarsInLog = 0;
		};
		FBE35CB013C4F20A4CC6B7CA /* Copy Pods Resources */ = {
			isa = PBXShellScriptBuildPhase;
			buildActionMask = 2147483647;
			files = (
			);
			inputPaths = (
			);
			name = "Copy Pods Resources";
			outputPaths = (
			);
			runOnlyForDeploymentPostprocessing = 0;
			shellPath = /bin/sh;
			shellScript = "\"${SRCROOT}/Pods/Target Support Files/Pods-GSLVideoCallApp/Pods-GSLVideoCallApp-resources.sh\"\n";
			showEnvVarsInLog = 0;
		};
/* End PBXShellScriptBuildPhase section */

/* Begin PBXSourcesBuildPhase section */
		E2D822071C8EAEDF002B58BE /* Sources */ = {
			isa = PBXSourcesBuildPhase;
			buildActionMask = 2147483647;
			files = (
				E28539011C8EE84C001CF34A /* SidebarViewController.m in Sources */,
				E2A8492B1C987109005AC0D1 /* FormButton.m in Sources */,
				E20803FB1C92B9DE00D67666 /* AddMemberVC.m in Sources */,
				E28538EE1C8EE61A001CF34A /* AppDelegate.m in Sources */,
				E219BB811C98122500DFFD32 /* VerifyAdminOTPVC.m in Sources */,
				E20803F61C91819000D67666 /* AccountSetupVC.m in Sources */,
				E2A8492F1C987B30005AC0D1 /* FormTextField.m in Sources */,
				E20803FF1C92C2A900D67666 /* ProfileVC.m in Sources */,
				E20803F21C9152B800D67666 /* UserModel.m in Sources */,
				E285392B1C903433001CF34A /* ProfileInfoModel.m in Sources */,
				E28539331C904F53001CF34A /* AFNetworkingAPIManager.m in Sources */,
				E219BB7E1C980A5B00DFFD32 /* AddAdminVC.m in Sources */,
				E28539221C8FF410001CF34A /* LaunchHomeVC.m in Sources */,
				E219BB841C9817D600DFFD32 /* ConfigureGroupVC.m in Sources */,
				E285391D1C8FF0C6001CF34A /* LoginVC.m in Sources */,
				E28539191C8FEE62001CF34A /* LocalSessionManager.m in Sources */,
				E2D822111C8EAEDF002B58BE /* main.m in Sources */,
				E28539151C8F056D001CF34A /* LeftMenuTableCell.m in Sources */,
				E28539081C8EE9D6001CF34A /* MainViewController.m in Sources */,
				E28539271C903387001CF34A /* GroupInfoModel.m in Sources */,
				E28539101C8EFCD2001CF34A /* Utility.m in Sources */,
				E285392F1C9034E0001CF34A /* BaseUserSessionInfo.m in Sources */,
				E28538FC1C8EE780001CF34A /* SWRevealViewController.m in Sources */,
			);
			runOnlyForDeploymentPostprocessing = 0;
		};
/* End PBXSourcesBuildPhase section */

/* Begin PBXVariantGroup section */
		E28538DE1C8EE44A001CF34A /* MainStoryboard.storyboard */ = {
			isa = PBXVariantGroup;
			children = (
				E28538DF1C8EE44A001CF34A /* Base */,
			);
			name = MainStoryboard.storyboard;
			sourceTree = "<group>";
		};
		E2D8221D1C8EAEDF002B58BE /* LaunchScreen.xib */ = {
			isa = PBXVariantGroup;
			children = (
				E2D8221E1C8EAEDF002B58BE /* Base */,
			);
			name = LaunchScreen.xib;
			sourceTree = "<group>";
		};
/* End PBXVariantGroup section */

/* Begin XCBuildConfiguration section */
		E2D8222C1C8EAEDF002B58BE /* Debug */ = {
			isa = XCBuildConfiguration;
			buildSettings = {
				ALWAYS_SEARCH_USER_PATHS = NO;
				CLANG_CXX_LANGUAGE_STANDARD = "gnu++0x";
				CLANG_CXX_LIBRARY = "libc++";
				CLANG_ENABLE_MODULES = YES;
				CLANG_ENABLE_OBJC_ARC = YES;
				CLANG_WARN_BOOL_CONVERSION = YES;
				CLANG_WARN_CONSTANT_CONVERSION = YES;
				CLANG_WARN_DIRECT_OBJC_ISA_USAGE = YES_ERROR;
				CLANG_WARN_EMPTY_BODY = YES;
				CLANG_WARN_ENUM_CONVERSION = YES;
				CLANG_WARN_INT_CONVERSION = YES;
				CLANG_WARN_OBJC_ROOT_CLASS = YES_ERROR;
				CLANG_WARN_UNREACHABLE_CODE = YES;
				CLANG_WARN__DUPLICATE_METHOD_MATCH = YES;
				"CODE_SIGN_IDENTITY[sdk=iphoneos*]" = "iPhone Developer";
				COPY_PHASE_STRIP = NO;
				DEBUG_INFORMATION_FORMAT = "dwarf-with-dsym";
				ENABLE_STRICT_OBJC_MSGSEND = YES;
				GCC_C_LANGUAGE_STANDARD = gnu99;
				GCC_DYNAMIC_NO_PIC = NO;
				GCC_NO_COMMON_BLOCKS = YES;
				GCC_OPTIMIZATION_LEVEL = 0;
				GCC_PREFIX_HEADER = "";
				GCC_PREPROCESSOR_DEFINITIONS = (
					"DEBUG=1",
					"$(inherited)",
				);
				GCC_SYMBOLS_PRIVATE_EXTERN = NO;
				GCC_WARN_64_TO_32_BIT_CONVERSION = YES;
				GCC_WARN_ABOUT_RETURN_TYPE = YES_ERROR;
				GCC_WARN_UNDECLARED_SELECTOR = YES;
				GCC_WARN_UNINITIALIZED_AUTOS = YES_AGGRESSIVE;
				GCC_WARN_UNUSED_FUNCTION = YES;
				GCC_WARN_UNUSED_VARIABLE = YES;
				IPHONEOS_DEPLOYMENT_TARGET = 8.4;
				MTL_ENABLE_DEBUG_INFO = YES;
				ONLY_ACTIVE_ARCH = YES;
				SDKROOT = iphoneos;
				TARGETED_DEVICE_FAMILY = "1,2";
			};
			name = Debug;
		};
		E2D8222D1C8EAEDF002B58BE /* Release */ = {
			isa = XCBuildConfiguration;
			buildSettings = {
				ALWAYS_SEARCH_USER_PATHS = NO;
				CLANG_CXX_LANGUAGE_STANDARD = "gnu++0x";
				CLANG_CXX_LIBRARY = "libc++";
				CLANG_ENABLE_MODULES = YES;
				CLANG_ENABLE_OBJC_ARC = YES;
				CLANG_WARN_BOOL_CONVERSION = YES;
				CLANG_WARN_CONSTANT_CONVERSION = YES;
				CLANG_WARN_DIRECT_OBJC_ISA_USAGE = YES_ERROR;
				CLANG_WARN_EMPTY_BODY = YES;
				CLANG_WARN_ENUM_CONVERSION = YES;
				CLANG_WARN_INT_CONVERSION = YES;
				CLANG_WARN_OBJC_ROOT_CLASS = YES_ERROR;
				CLANG_WARN_UNREACHABLE_CODE = YES;
				CLANG_WARN__DUPLICATE_METHOD_MATCH = YES;
				"CODE_SIGN_IDENTITY[sdk=iphoneos*]" = "iPhone Developer";
				COPY_PHASE_STRIP = NO;
				DEBUG_INFORMATION_FORMAT = "dwarf-with-dsym";
				ENABLE_NS_ASSERTIONS = NO;
				ENABLE_STRICT_OBJC_MSGSEND = YES;
				GCC_C_LANGUAGE_STANDARD = gnu99;
				GCC_NO_COMMON_BLOCKS = YES;
				GCC_PREFIX_HEADER = "";
				GCC_WARN_64_TO_32_BIT_CONVERSION = YES;
				GCC_WARN_ABOUT_RETURN_TYPE = YES_ERROR;
				GCC_WARN_UNDECLARED_SELECTOR = YES;
				GCC_WARN_UNINITIALIZED_AUTOS = YES_AGGRESSIVE;
				GCC_WARN_UNUSED_FUNCTION = YES;
				GCC_WARN_UNUSED_VARIABLE = YES;
				IPHONEOS_DEPLOYMENT_TARGET = 8.4;
				MTL_ENABLE_DEBUG_INFO = NO;
				SDKROOT = iphoneos;
				TARGETED_DEVICE_FAMILY = "1,2";
				VALIDATE_PRODUCT = YES;
			};
			name = Release;
		};
		E2D8222F1C8EAEDF002B58BE /* Debug */ = {
			isa = XCBuildConfiguration;
			baseConfigurationReference = 7A919FF88EADDF5E04705764 /* Pods-GSLVideoCallApp.debug.xcconfig */;
			buildSettings = {
				ASSETCATALOG_COMPILER_APPICON_NAME = AppIcon;
				GCC_PRECOMPILE_PREFIX_HEADER = NO;
				GCC_PREFIX_HEADER = "";
				INFOPLIST_FILE = GSLVideoCallApp/Info.plist;
				IPHONEOS_DEPLOYMENT_TARGET = 8.4;
				LD_RUNPATH_SEARCH_PATHS = "$(inherited) @executable_path/Frameworks";
				PRODUCT_NAME = "$(TARGET_NAME)";
			};
			name = Debug;
		};
		E2D822301C8EAEDF002B58BE /* Release */ = {
			isa = XCBuildConfiguration;
			baseConfigurationReference = DC31424528FDF02033784918 /* Pods-GSLVideoCallApp.release.xcconfig */;
			buildSettings = {
				ASSETCATALOG_COMPILER_APPICON_NAME = AppIcon;
				GCC_PRECOMPILE_PREFIX_HEADER = NO;
				GCC_PREFIX_HEADER = "";
				INFOPLIST_FILE = GSLVideoCallApp/Info.plist;
				IPHONEOS_DEPLOYMENT_TARGET = 8.4;
				LD_RUNPATH_SEARCH_PATHS = "$(inherited) @executable_path/Frameworks";
				PRODUCT_NAME = "$(TARGET_NAME)";
			};
			name = Release;
		};
/* End XCBuildConfiguration section */

/* Begin XCConfigurationList section */
		E2D822061C8EAEDF002B58BE /* Build configuration list for PBXProject "GSLVideoCallApp" */ = {
			isa = XCConfigurationList;
			buildConfigurations = (
				E2D8222C1C8EAEDF002B58BE /* Debug */,
				E2D8222D1C8EAEDF002B58BE /* Release */,
			);
			defaultConfigurationIsVisible = 0;
			defaultConfigurationName = Release;
		};
		E2D8222E1C8EAEDF002B58BE /* Build configuration list for PBXNativeTarget "GSLVideoCallApp" */ = {
			isa = XCConfigurationList;
			buildConfigurations = (
				E2D8222F1C8EAEDF002B58BE /* Debug */,
				E2D822301C8EAEDF002B58BE /* Release */,
			);
			defaultConfigurationIsVisible = 0;
			defaultConfigurationName = Release;
		};
/* End XCConfigurationList section */
	};
	rootObject = E2D822031C8EAEDF002B58BE /* Project object */;
}
